
Microsoft Visual Studio Solution File, Format Version 12.00
# Visual Studio 14
VisualStudioVersion = 14.0.25123.0
MinimumVisualStudioVersion = 10.0.40219.1
Project("{FAE04EC0-301F-11D3-BF4B-00C04F79EFBC}") = "HotelMgmtSystem", "HotelMgmtSystem\HotelMgmtSystem.csproj", "{E14FD683-67D3-4006-91C3-7F5C4D4FC2A8}"
EndProject
Project("{FAE04EC0-301F-11D3-BF4B-00C04F79EFBC}") = "XMLAssignment", "XMLAssignment\XMLAssignment.csproj", "{B980E4EF-2F54-402D-8E5B-788288092FD4}"
EndProject
Project("{FAE04EC0-301F-11D3-BF4B-00C04F79EFBC}") = "LINQtoXMLassignment", "LINQtoXMLassignment\LINQtoXMLassignment.csproj", "{E4B53163-B28B-48C5-8D32-E999C1D9B86C}"
EndProject
Global
	GlobalSection(SolutionConfigurationPlatforms) = preSolution
		Debug|Any CPU = Debug|Any CPU
		Release|Any CPU = Release|Any CPU
	EndGlobalSection
	GlobalSection(ProjectConfigurationPlatforms) = postSolution
		{E14FD683-67D3-4006-91C3-7F5C4D4FC2A8}.Debug|Any CPU.ActiveCfg = Debug|Any CPU
		{E14FD683-67D3-4006-91C3-7F5C4D4FC2A8}.Debug|Any CPU.Build.0 = Debug|Any CPU
		{E14FD683-67D3-4006-91C3-7F5C4D4FC2A8}.Release|Any CPU.ActiveCfg = Release|Any CPU
		{E14FD683-67D3-4006-91C3-7F5C4D4FC2A8}.Release|Any CPU.Build.0 = Release|Any CPU
		{B980E4EF-2F54-402D-8E5B-788288092FD4}.Debug|Any CPU.ActiveCfg = Debug|Any CPU
		{B980E4EF-2F54-402D-8E5B-788288092FD4}.Debug|Any CPU.Build.0 = Debug|Any CPU
		{B980E4EF-2F54-402D-8E5B-788288092FD4}.Release|Any CPU.ActiveCfg = Release|Any CPU
		{B980E4EF-2F54-402D-8E5B-788288092FD4}.Release|Any CPU.Build.0 = Release|Any CPU
		{E4B53163-B28B-48C5-8D32-E999C1D9B86C}.Debug|Any CPU.ActiveCfg = Debug|Any CPU
		{E4B53163-B28B-48C5-8D32-E999C1D9B86C}.Debug|Any CPU.Build.0 = Debug|Any CPU
		{E4B53163-B28B-48C5-8D32-E999C1D9B86C}.Release|Any CPU.ActiveCfg = Release|Any CPU
		{E4B53163-B28B-48C5-8D32-E999C1D9B86C}.Release|Any CPU.Build.0 = Release|Any CPU
	EndGlobalSection
	GlobalSection(SolutionProperties) = preSolution
		HideSolutionNode = FALSE
	EndGlobalSection
EndGlobal
